schema: '2.0'
stages:
  download_stations:
    cmd: download_station_data
    deps:
    - path: src/stations.py
      md5: c75d3577d6b965b0a983f00b59c3c90b
      size: 1284
    outs:
    - path: data/station_measures.json
      md5: d9aade1504d8a37a7501462e05d640df
      size: 1089211
    - path: data/stations.json
      md5: 25b430f6dce32ce5c1259cdbecc4db6a
      size: 660366
